
Microsoft Visual Studio Solution File, Format Version 12.00
# Visual Studio Version 16
VisualStudioVersion = 16.0.31729.503
MinimumVisualStudioVersion = 10.0.40219.1
Project("{FAE04EC0-301F-11D3-BF4B-00C04F79EFBC}") = "APIPadawans", "APIPadawans\APIPadawans.csproj", "{DBB48B66-CD9B-4A77-982E-C9C4273FB54D}"
EndProject
Global
	GlobalSection(SolutionConfigurationPlatforms) = preSolution
		Debug|Any CPU = Debug|Any CPU
		Release|Any CPU = Release|Any CPU
	EndGlobalSection
	GlobalSection(ProjectConfigurationPlatforms) = postSolution
		{DBB48B66-CD9B-4A77-982E-C9C4273FB54D}.Debug|Any CPU.ActiveCfg = Debug|Any CPU
		{DBB48B66-CD9B-4A77-982E-C9C4273FB54D}.Debug|Any CPU.Build.0 = Debug|Any CPU
		{DBB48B66-CD9B-4A77-982E-C9C4273FB54D}.Release|Any CPU.ActiveCfg = Release|Any CPU
		{DBB48B66-CD9B-4A77-982E-C9C4273FB54D}.Release|Any CPU.Build.0 = Release|Any CPU
	EndGlobalSection
	GlobalSection(SolutionProperties) = preSolution
		HideSolutionNode = FALSE
	EndGlobalSection
	GlobalSection(ExtensibilityGlobals) = postSolution
		SolutionGuid = {971D8D30-D9D2-47C3-A832-AF990346CBD1}
	EndGlobalSection
EndGlobal
